// !$*UTF8*$!
{
	archiveVersion = 1;
	classes = {
	};
	objectVersion = 50;
	objects = {

/* Begin PBXBuildFile section */
		3D0260632714FE9F00380748 /* AppDelegate.swift in Sources */ = {isa = PBXBuildFile; fileRef = 3D0260622714FE9F00380748 /* AppDelegate.swift */; };
		3D0260652714FE9F00380748 /* ListaRestaurantesController.swift in Sources */ = {isa = PBXBuildFile; fileRef = 3D0260642714FE9F00380748 /* ListaRestaurantesController.swift */; };
		3D0260682714FE9F00380748 /* Main.storyboard in Resources */ = {isa = PBXBuildFile; fileRef = 3D0260662714FE9F00380748 /* Main.storyboard */; };
		3D02606A2714FEAE00380748 /* Assets.xcassets in Resources */ = {isa = PBXBuildFile; fileRef = 3D0260692714FEAE00380748 /* Assets.xcassets */; };
		3D02606D2714FEAE00380748 /* LaunchScreen.storyboard in Resources */ = {isa = PBXBuildFile; fileRef = 3D02606B2714FEAE00380748 /* LaunchScreen.storyboard */; };
		3D0260782714FEAE00380748 /* _doParcial_KarenLopezTests.swift in Sources */ = {isa = PBXBuildFile; fileRef = 3D0260772714FEAE00380748 /* _doParcial_KarenLopezTests.swift */; };
		3D0260832714FEAE00380748 /* _doParcial_KarenLopezUITests.swift in Sources */ = {isa = PBXBuildFile; fileRef = 3D0260822714FEAE00380748 /* _doParcial_KarenLopezUITests.swift */; };
		3D090E332717A1920055A2AA /* Restaurant.swift in Sources */ = {isa = PBXBuildFile; fileRef = 3D090E322717A1920055A2AA /* Restaurant.swift */; };
		3D14DD142720E481009E8290 /* Ingredientes.swift in Sources */ = {isa = PBXBuildFile; fileRef = 3D14DD132720E481009E8290 /* Ingredientes.swift */; };
		3D236CAC27235BC400A0D3AD /* CeldaIngredientesController.swift in Sources */ = {isa = PBXBuildFile; fileRef = 3D236CAB27235BC400A0D3AD /* CeldaIngredientesController.swift */; };
		3D236CAE2723629600A0D3AD /* ListaIngredientesController.swift in Sources */ = {isa = PBXBuildFile; fileRef = 3D236CAD2723629600A0D3AD /* ListaIngredientesController.swift */; };
		3D9E19372718FA96005D0EA1 /* CeldaRestaurantController.swift in Sources */ = {isa = PBXBuildFile; fileRef = 3D9E19362718FA96005D0EA1 /* CeldaRestaurantController.swift */; };
		3D9E19392718FF08005D0EA1 /* DetallesRestaurantController.swift in Sources */ = {isa = PBXBuildFile; fileRef = 3D9E19382718FF08005D0EA1 /* DetallesRestaurantController.swift */; };
/* End PBXBuildFile section */

/* Begin PBXContainerItemProxy section */
		3D0260742714FEAE00380748 /* PBXContainerItemProxy */ = {
			isa = PBXContainerItemProxy;
			containerPortal = 3D0260572714FE9E00380748 /* Project object */;
			proxyType = 1;
			remoteGlobalIDString = 3D02605E2714FE9F00380748;
			remoteInfo = "2doParcial-KarenLopez";
		};
		3D02607F2714FEAE00380748 /* PBXContainerItemProxy */ = {
			isa = PBXContainerItemProxy;
			containerPortal = 3D0260572714FE9E00380748 /* Project object */;
			proxyType = 1;
			remoteGlobalIDString = 3D02605E2714FE9F00380748;
			remoteInfo = "2doParcial-KarenLopez";
		};
/* End PBXContainerItemProxy section */

/* Begin PBXFileReference section */
		3D02605F2714FE9F00380748 /* 2doParcial-KarenLopez.app */ = {isa = PBXFileReference; explicitFileType = wrapper.application; includeInIndex = 0; path = "2doParcial-KarenLopez.app"; sourceTree = BUILT_PRODUCTS_DIR; };
		3D0260622714FE9F00380748 /* AppDelegate.swift */ = {isa = PBXFileReference; lastKnownFileType = sourcecode.swift; path = AppDelegate.swift; sourceTree = "<group>"; };
		3D0260642714FE9F00380748 /* ListaRestaurantesController.swift */ = {isa = PBXFileReference; lastKnownFileType = sourcecode.swift; path = ListaRestaurantesController.swift; sourceTree = "<group>"; };
		3D0260672714FE9F00380748 /* Base */ = {isa = PBXFileReference; lastKnownFileType = file.storyboard; name = Base; path = Base.lproj/Main.storyboard; sourceTree = "<group>"; };
		3D0260692714FEAE00380748 /* Assets.xcassets */ = {isa = PBXFileReference; lastKnownFileType = folder.assetcatalog; path = Assets.xcassets; sourceTree = "<group>"; };
		3D02606C2714FEAE00380748 /* Base */ = {isa = PBXFileReference; lastKnownFileType = file.storyboard; name = Base; path = Base.lproj/LaunchScreen.storyboard; sourceTree = "<group>"; };
		3D02606E2714FEAE00380748 /* Info.plist */ = {isa = PBXFileReference; lastKnownFileType = text.plist.xml; path = Info.plist; sourceTree = "<group>"; };
		3D0260732714FEAE00380748 /* 2doParcial-KarenLopezTests.xctest */ = {isa = PBXFileReference; explicitFileType = wrapper.cfbundle; includeInIndex = 0; path = "2doParcial-KarenLopezTests.xctest"; sourceTree = BUILT_PRODUCTS_DIR; };
		3D0260772714FEAE00380748 /* _doParcial_KarenLopezTests.swift */ = {isa = PBXFileReference; lastKnownFileType = sourcecode.swift; path = _doParcial_KarenLopezTests.swift; sourceTree = "<group>"; };
		3D0260792714FEAE00380748 /* Info.plist */ = {isa = PBXFileReference; lastKnownFileType = text.plist.xml; path = Info.plist; sourceTree = "<group>"; };
		3D02607E2714FEAE00380748 /* 2doParcial-KarenLopezUITests.xctest */ = {isa = PBXFileReference; explicitFileType = wrapper.cfbundle; includeInIndex = 0; path = "2doParcial-KarenLopezUITests.xctest"; sourceTree = BUILT_PRODUCTS_DIR; };
		3D0260822714FEAE00380748 /* _doParcial_KarenLopezUITests.swift */ = {isa = PBXFileReference; lastKnownFileType = sourcecode.swift; path = _doParcial_KarenLopezUITests.swift; sourceTree = "<group>"; };
		3D0260842714FEAE00380748 /* Info.plist */ = {isa = PBXFileReference; lastKnownFileType = text.plist.xml; path = Info.plist; sourceTree = "<group>"; };
		3D090E322717A1920055A2AA /* Restaurant.swift */ = {isa = PBXFileReference; lastKnownFileType = sourcecode.swift; path = Restaurant.swift; sourceTree = "<group>"; };
		3D14DD132720E481009E8290 /* Ingredientes.swift */ = {isa = PBXFileReference; lastKnownFileType = sourcecode.swift; path = Ingredientes.swift; sourceTree = "<group>"; };
		3D236CAB27235BC400A0D3AD /* CeldaIngredientesController.swift */ = {isa = PBXFileReference; lastKnownFileType = sourcecode.swift; path = CeldaIngredientesController.swift; sourceTree = "<group>"; };
		3D236CAD2723629600A0D3AD /* ListaIngredientesController.swift */ = {isa = PBXFileReference; lastKnownFileType = sourcecode.swift; path = ListaIngredientesController.swift; sourceTree = "<group>"; };
		3D9E19362718FA96005D0EA1 /* CeldaRestaurantController.swift */ = {isa = PBXFileReference; lastKnownFileType = sourcecode.swift; path = CeldaRestaurantController.swift; sourceTree = "<group>"; };
		3D9E19382718FF08005D0EA1 /* DetallesRestaurantController.swift */ = {isa = PBXFileReference; lastKnownFileType = sourcecode.swift; path = DetallesRestaurantController.swift; sourceTree = "<group>"; };
/* End PBXFileReference section */

/* Begin PBXFrameworksBuildPhase section */
		3D02605C2714FE9F00380748 /* Frameworks */ = {
			isa = PBXFrameworksBuildPhase;
			buildActionMask = 2147483647;
			files = (
			);
			runOnlyForDeploymentPostprocessing = 0;
		};
		3D0260702714FEAE00380748 /* Frameworks */ = {
			isa = PBXFrameworksBuildPhase;
			buildActionMask = 2147483647;
			files = (
			);
			runOnlyForDeploymentPostprocessing = 0;
		};
		3D02607B2714FEAE00380748 /* Frameworks */ = {
			isa = PBXFrameworksBuildPhase;
			buildActionMask = 2147483647;
			files = (
			);
			runOnlyForDeploymentPostprocessing = 0;
		};
/* End PBXFrameworksBuildPhase section */

/* Begin PBXGroup section */
		3D0260562714FE9E00380748 = {
			isa = PBXGroup;
			children = (
				3D0260612714FE9F00380748 /* 2doParcial-KarenLopez */,
				3D0260762714FEAE00380748 /* 2doParcial-KarenLopezTests */,
				3D0260812714FEAE00380748 /* 2doParcial-KarenLopezUITests */,
				3D0260602714FE9F00380748 /* Products */,
			);
			sourceTree = "<group>";
		};
		3D0260602714FE9F00380748 /* Products */ = {
			isa = PBXGroup;
			children = (
				3D02605F2714FE9F00380748 /* 2doParcial-KarenLopez.app */,
				3D0260732714FEAE00380748 /* 2doParcial-KarenLopezTests.xctest */,
				3D02607E2714FEAE00380748 /* 2doParcial-KarenLopezUITests.xctest */,
			);
			name = Products;
			sourceTree = "<group>";
		};
		3D0260612714FE9F00380748 /* 2doParcial-KarenLopez */ = {
			isa = PBXGroup;
			children = (
				3D0260622714FE9F00380748 /* AppDelegate.swift */,
				3D0260642714FE9F00380748 /* ListaRestaurantesController.swift */,
				3D0260662714FE9F00380748 /* Main.storyboard */,
				3D0260692714FEAE00380748 /* Assets.xcassets */,
				3D02606B2714FEAE00380748 /* LaunchScreen.storyboard */,
				3D02606E2714FEAE00380748 /* Info.plist */,
				3D090E322717A1920055A2AA /* Restaurant.swift */,
				3D9E19362718FA96005D0EA1 /* CeldaRestaurantController.swift */,
				3D9E19382718FF08005D0EA1 /* DetallesRestaurantController.swift */,
				3D14DD132720E481009E8290 /* Ingredientes.swift */,
				3D236CAB27235BC400A0D3AD /* CeldaIngredientesController.swift */,
				3D236CAD2723629600A0D3AD /* ListaIngredientesController.swift */,
			);
			path = "2doParcial-KarenLopez";
			sourceTree = "<group>";
		};
		3D0260762714FEAE00380748 /* 2doParcial-KarenLopezTests */ = {
			isa = PBXGroup;
			children = (
				3D0260772714FEAE00380748 /* _doParcial_KarenLopezTests.swift */,
				3D0260792714FEAE00380748 /* Info.plist */,
			);
			path = "2doParcial-KarenLopezTests";
			sourceTree = "<group>";
		};
		3D0260812714FEAE00380748 /* 2doParcial-KarenLopezUITests */ = {
			isa = PBXGroup;
			children = (
				3D0260822714FEAE00380748 /* _doParcial_KarenLopezUITests.swift */,
				3D0260842714FEAE00380748 /* Info.plist */,
			);
			path = "2doParcial-KarenLopezUITests";
			sourceTree = "<group>";
		};
/* End PBXGroup section */

/* Begin PBXNativeTarget section */
		3D02605E2714FE9F00380748 /* 2doParcial-KarenLopez */ = {
			isa = PBXNativeTarget;
			buildConfigurationList = 3D0260872714FEAE00380748 /* Build configuration list for PBXNativeTarget "2doParcial-KarenLopez" */;
			buildPhases = (
				3D02605B2714FE9F00380748 /* Sources */,
				3D02605C2714FE9F00380748 /* Frameworks */,
				3D02605D2714FE9F00380748 /* Resources */,
			);
			buildRules = (
			);
			dependencies = (
			);
			name = "2doParcial-KarenLopez";
			productName = "2doParcial-KarenLopez";
			productReference = 3D02605F2714FE9F00380748 /* 2doParcial-KarenLopez.app */;
			productType = "com.apple.product-type.application";
		};
		3D0260722714FEAE00380748 /* 2doParcial-KarenLopezTests */ = {
			isa = PBXNativeTarget;
			buildConfigurationList = 3D02608A2714FEAE00380748 /* Build configuration list for PBXNativeTarget "2doParcial-KarenLopezTests" */;
			buildPhases = (
				3D02606F2714FEAE00380748 /* Sources */,
				3D0260702714FEAE00380748 /* Frameworks */,
				3D0260712714FEAE00380748 /* Resources */,
			);
			buildRules = (
			);
			dependencies = (
				3D0260752714FEAE00380748 /* PBXTargetDependency */,
			);
			name = "2doParcial-KarenLopezTests";
			productName = "2doParcial-KarenLopezTests";
			productReference = 3D0260732714FEAE00380748 /* 2doParcial-KarenLopezTests.xctest */;
			productType = "com.apple.product-type.bundle.unit-test";
		};
		3D02607D2714FEAE00380748 /* 2doParcial-KarenLopezUITests */ = {
			isa = PBXNativeTarget;
			buildConfigurationList = 3D02608D2714FEAE00380748 /* Build configuration list for PBXNativeTarget "2doParcial-KarenLopezUITests" */;
			buildPhases = (
				3D02607A2714FEAE00380748 /* Sources */,
				3D02607B2714FEAE00380748 /* Frameworks */,
				3D02607C2714FEAE00380748 /* Resources */,
			);
			buildRules = (
			);
			dependencies = (
				3D0260802714FEAE00380748 /* PBXTargetDependency */,
			);
			name = "2doParcial-KarenLopezUITests";
			productName = "2doParcial-KarenLopezUITests";
			productReference = 3D02607E2714FEAE00380748 /* 2doParcial-KarenLopezUITests.xctest */;
			productType = "com.apple.product-type.bundle.ui-testing";
		};
/* End PBXNativeTarget section */

/* Begin PBXProject section */
		3D0260572714FE9E00380748 /* Project object */ = {
			isa = PBXProject;
			attributes = {
				LastSwiftUpdateCheck = 1030;
				LastUpgradeCheck = 1030;
				ORGANIZATIONNAME = Alumno;
				TargetAttributes = {
					3D02605E2714FE9F00380748 = {
						CreatedOnToolsVersion = 10.3;
					};
					3D0260722714FEAE00380748 = {
						CreatedOnToolsVersion = 10.3;
						TestTargetID = 3D02605E2714FE9F00380748;
					};
					3D02607D2714FEAE00380748 = {
						CreatedOnToolsVersion = 10.3;
						TestTargetID = 3D02605E2714FE9F00380748;
					};
				};
			};
			buildConfigurationList = 3D02605A2714FE9E00380748 /* Build configuration list for PBXProject "2doParcial-KarenLopez" */;
			compatibilityVersion = "Xcode 9.3";
			developmentRegion = en;
			hasScannedForEncodings = 0;
			knownRegions = (
				en,
				Base,
			);
			mainGroup = 3D0260562714FE9E00380748;
			productRefGroup = 3D0260602714FE9F00380748 /* Products */;
			projectDirPath = "";
			projectRoot = "";
			targets = (
				3D02605E2714FE9F00380748 /* 2doParcial-KarenLopez */,
				3D0260722714FEAE00380748 /* 2doParcial-KarenLopezTests */,
				3D02607D2714FEAE00380748 /* 2doParcial-KarenLopezUITests */,
			);
		};
/* End PBXProject section */

/* Begin PBXResourcesBuildPhase section */
		3D02605D2714FE9F00380748 /* Resources */ = {
			isa = PBXResourcesBuildPhase;
			buildActionMask = 2147483647;
			files = (
				3D02606D2714FEAE00380748 /* LaunchScreen.storyboard in Resources */,
				3D02606A2714FEAE00380748 /* Assets.xcassets in Resources */,
				3D0260682714FE9F00380748 /* Main.storyboard in Resources */,
			);
			runOnlyForDeploymentPostprocessing = 0;
		};
		3D0260712714FEAE00380748 /* Resources */ = {
			isa = PBXResourcesBuildPhase;
			buildActionMask = 2147483647;
			files = (
			);
			runOnlyForDeploymentPostprocessing = 0;
		};
		3D02607C2714FEAE00380748 /* Resources */ = {
			isa = PBXResourcesBuildPhase;
			buildActionMask = 2147483647;
			files = (
			);
			runOnlyForDeploymentPostprocessing = 0;
		};
/* End PBXResourcesBuildPhase section */

/* Begin PBXSourcesBuildPhase section */
		3D02605B2714FE9F00380748 /* Sources */ = {
			isa = PBXSourcesBuildPhase;
			buildActionMask = 2147483647;
			files = (
				3D14DD142720E481009E8290 /* Ingredientes.swift in Sources */,
				3D9E19372718FA96005D0EA1 /* CeldaRestaurantController.swift in Sources */,
				3D236CAE2723629600A0D3AD /* ListaIngredientesController.swift in Sources */,
				3D0260652714FE9F00380748 /* ListaRestaurantesController.swift in Sources */,
				3D236CAC27235BC400A0D3AD /* CeldaIngredientesController.swift in Sources */,
				3D0260632714FE9F00380748 /* AppDelegate.swift in Sources */,
				3D090E332717A1920055A2AA /* Restaurant.swift in Sources */,
				3D9E19392718FF08005D0EA1 /* DetallesRestaurantController.swift in Sources */,
			);
			runOnlyForDeploymentPostprocessing = 0;
		};
		3D02606F2714FEAE00380748 /* Sources */ = {
			isa = PBXSourcesBuildPhase;
			buildActionMask = 2147483647;
			files = (
				3D0260782714FEAE00380748 /* _doParcial_KarenLopezTests.swift in Sources */,
			);
			runOnlyForDeploymentPostprocessing = 0;
		};
		3D02607A2714FEAE00380748 /* Sources */ = {
			isa = PBXSourcesBuildPhase;
			buildActionMask = 2147483647;
			files = (
				3D0260832714FEAE00380748 /* _doParcial_KarenLopezUITests.swift in Sources */,
			);
			runOnlyForDeploymentPostprocessing = 0;
		};
/* End PBXSourcesBuildPhase section */

/* Begin PBXTargetDependency section */
		3D0260752714FEAE00380748 /* PBXTargetDependency */ = {
			isa = PBXTargetDependency;
			target = 3D02605E2714FE9F00380748 /* 2doParcial-KarenLopez */;
			targetProxy = 3D0260742714FEAE00380748 /* PBXContainerItemProxy */;
		};
		3D0260802714FEAE00380748 /* PBXTargetDependency */ = {
			isa = PBXTargetDependency;
			target = 3D02605E2714FE9F00380748 /* 2doParcial-KarenLopez */;
			targetProxy = 3D02607F2714FEAE00380748 /* PBXContainerItemProxy */;
		};
/* End PBXTargetDependency section */

/* Begin PBXVariantGroup section */
		3D0260662714FE9F00380748 /* Main.storyboard */ = {
			isa = PBXVariantGroup;
			children = (
				3D0260672714FE9F00380748 /* Base */,
			);
			name = Main.storyboard;
			sourceTree = "<group>";
		};
		3D02606B2714FEAE00380748 /* LaunchScreen.storyboard */ = {
			isa = PBXVariantGroup;
			children = (
				3D02606C2714FEAE00380748 /* Base */,
			);
			name = LaunchScreen.storyboard;
			sourceTree = "<group>";
		};
/* End PBXVariantGroup section */

/* Begin XCBuildConfiguration section */
		3D0260852714FEAE00380748 /* Debug */ = {
			isa = XCBuildConfiguration;
			buildSettings = {
				ALWAYS_SEARCH_USER_PATHS = NO;
				CLANG_ANALYZER_NONNULL = YES;
				CLANG_ANALYZER_NUMBER_OBJECT_CONVERSION = YES_AGGRESSIVE;
				CLANG_CXX_LANGUAGE_STANDARD = "gnu++14";
				CLANG_CXX_LIBRARY = "libc++";
				CLANG_ENABLE_MODULES = YES;
				CLANG_ENABLE_OBJC_ARC = YES;
				CLANG_ENABLE_OBJC_WEAK = YES;
				CLANG_WARN_BLOCK_CAPTURE_AUTORELEASING = YES;
				CLANG_WARN_BOOL_CONVERSION = YES;
				CLANG_WARN_COMMA = YES;
				CLANG_WARN_CONSTANT_CONVERSION = YES;
				CLANG_WARN_DEPRECATED_OBJC_IMPLEMENTATIONS = YES;
				CLANG_WARN_DIRECT_OBJC_ISA_USAGE = YES_ERROR;
				CLANG_WARN_DOCUMENTATION_COMMENTS = YES;
				CLANG_WARN_EMPTY_BODY = YES;
				CLANG_WARN_ENUM_CONVERSION = YES;
				CLANG_WARN_INFINITE_RECURSION = YES;
				CLANG_WARN_INT_CONVERSION = YES;
				CLANG_WARN_NON_LITERAL_NULL_CONVERSION = YES;
				CLANG_WARN_OBJC_IMPLICIT_RETAIN_SELF = YES;
				CLANG_WARN_OBJC_LITERAL_CONVERSION = YES;
				CLANG_WARN_OBJC_ROOT_CLASS = YES_ERROR;
				CLANG_WARN_RANGE_LOOP_ANALYSIS = YES;
				CLANG_WARN_STRICT_PROTOTYPES = YES;
				CLANG_WARN_SUSPICIOUS_MOVE = YES;
				CLANG_WARN_UNGUARDED_AVAILABILITY = YES_AGGRESSIVE;
				CLANG_WARN_UNREACHABLE_CODE = YES;
				CLANG_WARN__DUPLICATE_METHOD_MATCH = YES;
				CODE_SIGN_IDENTITY = "iPhone Developer";
				COPY_PHASE_STRIP = NO;
				DEBUG_INFORMATION_FORMAT = dwarf;
				ENABLE_STRICT_OBJC_MSGSEND = YES;
				ENABLE_TESTABILITY = YES;
				GCC_C_LANGUAGE_STANDARD = gnu11;
				GCC_DYNAMIC_NO_PIC = NO;
				GCC_NO_COMMON_BLOCKS = YES;
				GCC_OPTIMIZATION_LEVEL = 0;
				GCC_PREPROCESSOR_DEFINITIONS = (
					"DEBUG=1",
					"$(inherited)",
				);
				GCC_WARN_64_TO_32_BIT_CONVERSION = YES;
				GCC_WARN_ABOUT_RETURN_TYPE = YES_ERROR;
				GCC_WARN_UNDECLARED_SELECTOR = YES;
				GCC_WARN_UNINITIALIZED_AUTOS = YES_AGGRESSIVE;
				GCC_WARN_UNUSED_FUNCTION = YES;
				GCC_WARN_UNUSED_VARIABLE = YES;
				IPHONEOS_DEPLOYMENT_TARGET = 12.4;
				MTL_ENABLE_DEBUG_INFO = INCLUDE_SOURCE;
				MTL_FAST_MATH = YES;
				ONLY_ACTIVE_ARCH = YES;
				SDKROOT = iphoneos;
				SWIFT_ACTIVE_COMPILATION_CONDITIONS = DEBUG;
				SWIFT_OPTIMIZATION_LEVEL = "-Onone";
			};
			name = Debug;
		};
		3D0260862714FEAE00380748 /* Release */ = {
			isa = XCBuildConfiguration;
			buildSettings = {
				ALWAYS_SEARCH_USER_PATHS = NO;
				CLANG_ANALYZER_NONNULL = YES;
				CLANG_ANALYZER_NUMBER_OBJECT_CONVERSION = YES_AGGRESSIVE;
				CLANG_CXX_LANGUAGE_STANDARD = "gnu++14";
				CLANG_CXX_LIBRARY = "libc++";
				CLANG_ENABLE_MODULES = YES;
				CLANG_ENABLE_OBJC_ARC = YES;
				CLANG_ENABLE_OBJC_WEAK = YES;
				CLANG_WARN_BLOCK_CAPTURE_AUTORELEASING = YES;
				CLANG_WARN_BOOL_CONVERSION = YES;
				CLANG_WARN_COMMA = YES;
				CLANG_WARN_CONSTANT_CONVERSION = YES;
				CLANG_WARN_DEPRECATED_OBJC_IMPLEMENTATIONS = YES;
				CLANG_WARN_DIRECT_OBJC_ISA_USAGE = YES_ERROR;
				CLANG_WARN_DOCUMENTATION_COMMENTS = YES;
				CLANG_WARN_EMPTY_BODY = YES;
				CLANG_WARN_ENUM_CONVERSION = YES;
				CLANG_WARN_INFINITE_RECURSION = YES;
				CLANG_WARN_INT_CONVERSION = YES;
				CLANG_WARN_NON_LITERAL_NULL_CONVERSION = YES;
				CLANG_WARN_OBJC_IMPLICIT_RETAIN_SELF = YES;
				CLANG_WARN_OBJC_LITERAL_CONVERSION = YES;
				CLANG_WARN_OBJC_ROOT_CLASS = YES_ERROR;
				CLANG_WARN_RANGE_LOOP_ANALYSIS = YES;
				CLANG_WARN_STRICT_PROTOTYPES = YES;
				CLANG_WARN_SUSPICIOUS_MOVE = YES;
				CLANG_WARN_UNGUARDED_AVAILABILITY = YES_AGGRESSIVE;
				CLANG_WARN_UNREACHABLE_CODE = YES;
				CLANG_WARN__DUPLICATE_METHOD_MATCH = YES;
				CODE_SIGN_IDENTITY = "iPhone Developer";
				COPY_PHASE_STRIP = NO;
				DEBUG_INFORMATION_FORMAT = "dwarf-with-dsym";
				ENABLE_NS_ASSERTIONS = NO;
				ENABLE_STRICT_OBJC_MSGSEND = YES;
				GCC_C_LANGUAGE_STANDARD = gnu11;
				GCC_NO_COMMON_BLOCKS = YES;
				GCC_WARN_64_TO_32_BIT_CONVERSION = YES;
				GCC_WARN_ABOUT_RETURN_TYPE = YES_ERROR;
				GCC_WARN_UNDECLARED_SELECTOR = YES;
				GCC_WARN_UNINITIALIZED_AUTOS = YES_AGGRESSIVE;
				GCC_WARN_UNUSED_FUNCTION = YES;
				GCC_WARN_UNUSED_VARIABLE = YES;
				IPHONEOS_DEPLOYMENT_TARGET = 12.4;
				MTL_ENABLE_DEBUG_INFO = NO;
				MTL_FAST_MATH = YES;
				SDKROOT = iphoneos;
				SWIFT_COMPILATION_MODE = wholemodule;
				SWIFT_OPTIMIZATION_LEVEL = "-O";
				VALIDATE_PRODUCT = YES;
			};
			name = Release;
		};
		3D0260882714FEAE00380748 /* Debug */ = {
			isa = XCBuildConfiguration;
			buildSettings = {
				ASSETCATALOG_COMPILER_APPICON_NAME = AppIcon;
				CODE_SIGN_STYLE = Automatic;
				INFOPLIST_FILE = "2doParcial-KarenLopez/Info.plist";
				LD_RUNPATH_SEARCH_PATHS = (
					"$(inherited)",
					"@executable_path/Frameworks",
				);
				PRODUCT_BUNDLE_IDENTIFIER = "edu.ulsa.-doParcial-KarenLopez";
				PRODUCT_NAME = "$(TARGET_NAME)";
				SWIFT_VERSION = 5.0;
				TARGETED_DEVICE_FAMILY = "1,2";
			};
			name = Debug;
		};
		3D0260892714FEAE00380748 /* Release */ = {
			isa = XCBuildConfiguration;
			buildSettings = {
				ASSETCATALOG_COMPILER_APPICON_NAME = AppIcon;
				CODE_SIGN_STYLE = Automatic;
				INFOPLIST_FILE = "2doParcial-KarenLopez/Info.plist";
				LD_RUNPATH_SEARCH_PATHS = (
					"$(inherited)",
					"@executable_path/Frameworks",
				);
				PRODUCT_BUNDLE_IDENTIFIER = "edu.ulsa.-doParcial-KarenLopez";
				PRODUCT_NAME = "$(TARGET_NAME)";
				SWIFT_VERSION = 5.0;
				TARGETED_DEVICE_FAMILY = "1,2";
			};
			name = Release;
		};
		3D02608B2714FEAE00380748 /* Debug */ = {
			isa = XCBuildConfiguration;
			buildSettings = {
				ALWAYS_EMBED_SWIFT_STANDARD_LIBRARIES = YES;
				BUNDLE_LOADER = "$(TEST_HOST)";
				CODE_SIGN_STYLE = Automatic;
				INFOPLIST_FILE = "2doParcial-KarenLopezTests/Info.plist";
				LD_RUNPATH_SEARCH_PATHS = (
					"$(inherited)",
					"@executable_path/Frameworks",
					"@loader_path/Frameworks",
				);
				PRODUCT_BUNDLE_IDENTIFIER = "edu.ulsa.-doParcial-KarenLopezTests";
				PRODUCT_NAME = "$(TARGET_NAME)";
				SWIFT_VERSION = 5.0;
				TARGETED_DEVICE_FAMILY = "1,2";
				TEST_HOST = "$(BUILT_PRODUCTS_DIR)/2doParcial-KarenLopez.app/2doParcial-KarenLopez";
			};
			name = Debug;
		};
		3D02608C2714FEAE00380748 /* Release */ = {
			isa = XCBuildConfiguration;
			buildSettings = {
				ALWAYS_EMBED_SWIFT_STANDARD_LIBRARIES = YES;
				BUNDLE_LOADER = "$(TEST_HOST)";
				CODE_SIGN_STYLE = Automatic;
				INFOPLIST_FILE = "2doParcial-KarenLopezTests/Info.plist";
				LD_RUNPATH_SEARCH_PATHS = (
					"$(inherited)",
					"@executable_path/Frameworks",
					"@loader_path/Frameworks",
				);
				PRODUCT_BUNDLE_IDENTIFIER = "edu.ulsa.-doParcial-KarenLopezTests";
				PRODUCT_NAME = "$(TARGET_NAME)";
				SWIFT_VERSION = 5.0;
				TARGETED_DEVICE_FAMILY = "1,2";
				TEST_HOST = "$(BUILT_PRODUCTS_DIR)/2doParcial-KarenLopez.app/2doParcial-KarenLopez";
			};
			name = Release;
		};
		3D02608E2714FEAE00380748 /* Debug */ = {
			isa = XCBuildConfiguration;
			buildSettings = {
				ALWAYS_EMBED_SWIFT_STANDARD_LIBRARIES = YES;
				CODE_SIGN_STYLE = Automatic;
				INFOPLIST_FILE = "2doParcial-KarenLopezUITests/Info.plist";
				LD_RUNPATH_SEARCH_PATHS = (
					"$(inherited)",
					"@executable_path/Frameworks",
					"@loader_path/Frameworks",
				);
				PRODUCT_BUNDLE_IDENTIFIER = "edu.ulsa.-doParcial-KarenLopezUITests";
				PRODUCT_NAME = "$(TARGET_NAME)";
				SWIFT_VERSION = 5.0;
				TARGETED_DEVICE_FAMILY = "1,2";
				TEST_TARGET_NAME = "2doParcial-KarenLopez";
			};
			name = Debug;
		};
		3D02608F2714FEAE00380748 /* Release */ = {
			isa = XCBuildConfiguration;
			buildSettings = {
				ALWAYS_EMBED_SWIFT_STANDARD_LIBRARIES = YES;
				CODE_SIGN_STYLE = Automatic;
				INFOPLIST_FILE = "2doParcial-KarenLopezUITests/Info.plist";
				LD_RUNPATH_SEARCH_PATHS = (
					"$(inherited)",
					"@executable_path/Frameworks",
					"@loader_path/Frameworks",
				);
				PRODUCT_BUNDLE_IDENTIFIER = "edu.ulsa.-doParcial-KarenLopezUITests";
				PRODUCT_NAME = "$(TARGET_NAME)";
				SWIFT_VERSION = 5.0;
				TARGETED_DEVICE_FAMILY = "1,2";
				TEST_TARGET_NAME = "2doParcial-KarenLopez";
			};
			name = Release;
		};
/* End XCBuildConfiguration section */

/* Begin XCConfigurationList section */
		3D02605A2714FE9E00380748 /* Build configuration list for PBXProject "2doParcial-KarenLopez" */ = {
			isa = XCConfigurationList;
			buildConfigurations = (
				3D0260852714FEAE00380748 /* Debug */,
				3D0260862714FEAE00380748 /* Release */,
			);
			defaultConfigurationIsVisible = 0;
			defaultConfigurationName = Release;
		};
		3D0260872714FEAE00380748 /* Build configuration list for PBXNativeTarget "2doParcial-KarenLopez" */ = {
			isa = XCConfigurationList;
			buildConfigurations = (
				3D0260882714FEAE00380748 /* Debug */,
				3D0260892714FEAE00380748 /* Release */,
			);
			defaultConfigurationIsVisible = 0;
			defaultConfigurationName = Release;
		};
		3D02608A2714FEAE00380748 /* Build configuration list for PBXNativeTarget "2doParcial-KarenLopezTests" */ = {
			isa = XCConfigurationList;
			buildConfigurations = (
				3D02608B2714FEAE00380748 /* Debug */,
				3D02608C2714FEAE00380748 /* Release */,
			);
			defaultConfigurationIsVisible = 0;
			defaultConfigurationName = Release;
		};
		3D02608D2714FEAE00380748 /* Build configuration list for PBXNativeTarget "2doParcial-KarenLopezUITests" */ = {
			isa = XCConfigurationList;
			buildConfigurations = (
				3D02608E2714FEAE00380748 /* Debug */,
				3D02608F2714FEAE00380748 /* Release */,
			);
			defaultConfigurationIsVisible = 0;
			defaultConfigurationName = Release;
		};
/* End XCConfigurationList section */
	};
	rootObject = 3D0260572714FE9E00380748 /* Project object */;
}
